
Microsoft Visual Studio Solution File, Format Version 12.00
# Visual Studio Version 17
VisualStudioVersion = 17.13.35806.99 d17.13
MinimumVisualStudioVersion = 10.0.40219.1
Project("{FAE04EC0-301F-11D3-BF4B-00C04F79EFBC}") = "IdleDungeonDemo", "IdleDungeonDemo\IdleDungeonDemo.csproj", "{F66D18CB-2957-40F3-9B52-7C46FCB1BE6B}"
EndProject
Global
	GlobalSection(SolutionConfigurationPlatforms) = preSolution
		Debug|Any CPU = Debug|Any CPU
		Release|Any CPU = Release|Any CPU
	EndGlobalSection
	GlobalSection(ProjectConfigurationPlatforms) = postSolution
		{F66D18CB-2957-40F3-9B52-7C46FCB1BE6B}.Debug|Any CPU.ActiveCfg = Debug|Any CPU
		{F66D18CB-2957-40F3-9B52-7C46FCB1BE6B}.Debug|Any CPU.Build.0 = Debug|Any CPU
		{F66D18CB-2957-40F3-9B52-7C46FCB1BE6B}.Release|Any CPU.ActiveCfg = Release|Any CPU
		{F66D18CB-2957-40F3-9B52-7C46FCB1BE6B}.Release|Any CPU.Build.0 = Release|Any CPU
	EndGlobalSection
	GlobalSection(SolutionProperties) = preSolution
		HideSolutionNode = FALSE
	EndGlobalSection
	GlobalSection(ExtensibilityGlobals) = postSolution
		SolutionGuid = {DCD3D0FF-C718-48C0-B066-F0AEB793B0C2}
	EndGlobalSection
EndGlobal
